
Microsoft Visual Studio Solution File, Format Version 12.00
# Visual Studio Version 16
VisualStudioVersion = 16.0.33027.164
MinimumVisualStudioVersion = 10.0.40219.1
Project("{FAE04EC0-301F-11D3-BF4B-00C04F79EFBC}") = "InNFibonaci", "InNFibonaci\InNFibonaci.csproj", "{A7958685-D515-4A39-B69D-414DFAEFC0AC}"
EndProject
Global
	GlobalSection(SolutionConfigurationPlatforms) = preSolution
		Debug|Any CPU = Debug|Any CPU
		Release|Any CPU = Release|Any CPU
	EndGlobalSection
	GlobalSection(ProjectConfigurationPlatforms) = postSolution
		{A7958685-D515-4A39-B69D-414DFAEFC0AC}.Debug|Any CPU.ActiveCfg = Debug|Any CPU
		{A7958685-D515-4A39-B69D-414DFAEFC0AC}.Debug|Any CPU.Build.0 = Debug|Any CPU
		{A7958685-D515-4A39-B69D-414DFAEFC0AC}.Release|Any CPU.ActiveCfg = Release|Any CPU
		{A7958685-D515-4A39-B69D-414DFAEFC0AC}.Release|Any CPU.Build.0 = Release|Any CPU
	EndGlobalSection
	GlobalSection(SolutionProperties) = preSolution
		HideSolutionNode = FALSE
	EndGlobalSection
	GlobalSection(ExtensibilityGlobals) = postSolution
		SolutionGuid = {B7814161-8CC2-414E-81BE-5A99E5FDAEA7}
	EndGlobalSection
EndGlobal
