
Microsoft Visual Studio Solution File, Format Version 12.00
# Visual Studio Version 17
VisualStudioVersion = 17.3.32825.248
MinimumVisualStudioVersion = 10.0.40219.1
Project("{FAE04EC0-301F-11D3-BF4B-00C04F79EFBC}") = "Bai12XuLyBietLe", "Bai12XuLyBietLe\Bai12XuLyBietLe.csproj", "{95FF676B-14B0-4397-8237-F8F6B8AB4079}"
EndProject
Global
	GlobalSection(SolutionConfigurationPlatforms) = preSolution
		Debug|Any CPU = Debug|Any CPU
		Release|Any CPU = Release|Any CPU
	EndGlobalSection
	GlobalSection(ProjectConfigurationPlatforms) = postSolution
		{95FF676B-14B0-4397-8237-F8F6B8AB4079}.Debug|Any CPU.ActiveCfg = Debug|Any CPU
		{95FF676B-14B0-4397-8237-F8F6B8AB4079}.Debug|Any CPU.Build.0 = Debug|Any CPU
		{95FF676B-14B0-4397-8237-F8F6B8AB4079}.Release|Any CPU.ActiveCfg = Release|Any CPU
		{95FF676B-14B0-4397-8237-F8F6B8AB4079}.Release|Any CPU.Build.0 = Release|Any CPU
	EndGlobalSection
	GlobalSection(SolutionProperties) = preSolution
		HideSolutionNode = FALSE
	EndGlobalSection
	GlobalSection(ExtensibilityGlobals) = postSolution
		SolutionGuid = {FC312216-6C21-49DB-ACCD-E538E4988C65}
	EndGlobalSection
EndGlobal
