
Microsoft Visual Studio Solution File, Format Version 12.00
# Visual Studio Version 17
VisualStudioVersion = 17.3.32825.248
MinimumVisualStudioVersion = 10.0.40219.1
Project("{FAE04EC0-301F-11D3-BF4B-00C04F79EFBC}") = "HocDic", "HocDic\HocDic.csproj", "{34D5D090-3E02-4822-80DF-E7EF33882FA9}"
EndProject
Global
	GlobalSection(SolutionConfigurationPlatforms) = preSolution
		Debug|Any CPU = Debug|Any CPU
		Release|Any CPU = Release|Any CPU
	EndGlobalSection
	GlobalSection(ProjectConfigurationPlatforms) = postSolution
		{34D5D090-3E02-4822-80DF-E7EF33882FA9}.Debug|Any CPU.ActiveCfg = Debug|Any CPU
		{34D5D090-3E02-4822-80DF-E7EF33882FA9}.Debug|Any CPU.Build.0 = Debug|Any CPU
		{34D5D090-3E02-4822-80DF-E7EF33882FA9}.Release|Any CPU.ActiveCfg = Release|Any CPU
		{34D5D090-3E02-4822-80DF-E7EF33882FA9}.Release|Any CPU.Build.0 = Release|Any CPU
	EndGlobalSection
	GlobalSection(SolutionProperties) = preSolution
		HideSolutionNode = FALSE
	EndGlobalSection
	GlobalSection(ExtensibilityGlobals) = postSolution
		SolutionGuid = {FF865CB4-A517-4ED6-895C-88E12DE88851}
	EndGlobalSection
EndGlobal
