
Microsoft Visual Studio Solution File, Format Version 12.00
# Visual Studio Version 16
VisualStudioVersion = 16.0.33027.164
MinimumVisualStudioVersion = 10.0.40219.1
Project("{FAE04EC0-301F-11D3-BF4B-00C04F79EFBC}") = "SoNguyenTo", "SoNguyenTo\SoNguyenTo.csproj", "{6ED8F2F9-A80A-4FBD-BBD5-364461E9247E}"
EndProject
Global
	GlobalSection(SolutionConfigurationPlatforms) = preSolution
		Debug|Any CPU = Debug|Any CPU
		Release|Any CPU = Release|Any CPU
	EndGlobalSection
	GlobalSection(ProjectConfigurationPlatforms) = postSolution
		{6ED8F2F9-A80A-4FBD-BBD5-364461E9247E}.Debug|Any CPU.ActiveCfg = Debug|Any CPU
		{6ED8F2F9-A80A-4FBD-BBD5-364461E9247E}.Debug|Any CPU.Build.0 = Debug|Any CPU
		{6ED8F2F9-A80A-4FBD-BBD5-364461E9247E}.Release|Any CPU.ActiveCfg = Release|Any CPU
		{6ED8F2F9-A80A-4FBD-BBD5-364461E9247E}.Release|Any CPU.Build.0 = Release|Any CPU
	EndGlobalSection
	GlobalSection(SolutionProperties) = preSolution
		HideSolutionNode = FALSE
	EndGlobalSection
	GlobalSection(ExtensibilityGlobals) = postSolution
		SolutionGuid = {125C0012-0A49-46FB-A768-28328A45273A}
	EndGlobalSection
EndGlobal
